# This file is generated by running "yarn install" inside your project.
# Manual changes might be lost - proceed with caution!

__metadata:
  version: 7
  cacheKey: 9

"@techtrain/cli-railway@npm:0.1.3":
  version: 0.1.3
  resolution: "@techtrain/cli-railway@npm:0.1.3"
  bin:
    techtrain-railway: bin/techtrain-railway
  checksum: 09b69231e42a3bd6a03e3b3f7e679ecc3a68013c00c81876a61ee386e53db51623a1de5123b6d2d5589220b8fbba292dcb2a4eb10d22de50efbbf40f42519fb3
  languageName: node
  linkType: hard

"go-stations@workspace:.":
  version: 0.0.0-use.local
  resolution: "go-stations@workspace:."
  dependencies:
    "@techtrain/cli-railway": "npm:0.1.3"
    simple-git-hooks: "npm:^2.5.1"
  languageName: unknown
  linkType: soft

"simple-git-hooks@npm:^2.5.1":
  version: 2.8.1
  resolution: "simple-git-hooks@npm:2.8.1"
  bin:
    simple-git-hooks: cli.js
  checksum: 316bee54c266f9c69ba081653594377dde4042751d743e5405428f36d8a26b5eed69ae93447a56a10b54169f7267c02239b01c60ebee1077a9b96d2526325441
  languageName: node
  linkType: hard
